// !$*UTF8*$!
{
	archiveVersion = 1;
	classes = {
	};
	objectVersion = 55;
	objects = {

/* Begin PBXBuildFile section */
		2E5036F927A0530100333E99 /* DebtsViewController.swift in Sources */ = {isa = PBXBuildFile; fileRef = 2E5036F827A0530100333E99 /* DebtsViewController.swift */; };
		2E92865627A07E4D00749766 /* DebtsTableViewCell.swift in Sources */ = {isa = PBXBuildFile; fileRef = 2E92865427A07E4D00749766 /* DebtsTableViewCell.swift */; };
		2E92865727A07E4D00749766 /* DebtsTableViewCell.xib in Resources */ = {isa = PBXBuildFile; fileRef = 2E92865527A07E4D00749766 /* DebtsTableViewCell.xib */; };
		2E92865927A0864300749766 /* AddDebtsViewController.swift in Sources */ = {isa = PBXBuildFile; fileRef = 2E92865827A0864300749766 /* AddDebtsViewController.swift */; };
		2EE6CAEA279700A600796799 /* AppDelegate.swift in Sources */ = {isa = PBXBuildFile; fileRef = 2EE6CAE9279700A600796799 /* AppDelegate.swift */; };
		2EE6CAEC279700A600796799 /* SceneDelegate.swift in Sources */ = {isa = PBXBuildFile; fileRef = 2EE6CAEB279700A600796799 /* SceneDelegate.swift */; };
		2EE6CAEE279700A600796799 /* ViewController.swift in Sources */ = {isa = PBXBuildFile; fileRef = 2EE6CAED279700A600796799 /* ViewController.swift */; };
		2EE6CAF1279700A600796799 /* Main.storyboard in Resources */ = {isa = PBXBuildFile; fileRef = 2EE6CAEF279700A600796799 /* Main.storyboard */; };
		2EE6CAF3279700A700796799 /* Assets.xcassets in Resources */ = {isa = PBXBuildFile; fileRef = 2EE6CAF2279700A700796799 /* Assets.xcassets */; };
		2EE6CAF6279700A700796799 /* LaunchScreen.storyboard in Resources */ = {isa = PBXBuildFile; fileRef = 2EE6CAF4279700A700796799 /* LaunchScreen.storyboard */; };
/* End PBXBuildFile section */

/* Begin PBXFileReference section */
		2E5036F827A0530100333E99 /* DebtsViewController.swift */ = {isa = PBXFileReference; lastKnownFileType = sourcecode.swift; path = DebtsViewController.swift; sourceTree = "<group>"; };
		2E92865427A07E4D00749766 /* DebtsTableViewCell.swift */ = {isa = PBXFileReference; lastKnownFileType = sourcecode.swift; path = DebtsTableViewCell.swift; sourceTree = "<group>"; };
		2E92865527A07E4D00749766 /* DebtsTableViewCell.xib */ = {isa = PBXFileReference; lastKnownFileType = file.xib; path = DebtsTableViewCell.xib; sourceTree = "<group>"; };
		2E92865827A0864300749766 /* AddDebtsViewController.swift */ = {isa = PBXFileReference; lastKnownFileType = sourcecode.swift; path = AddDebtsViewController.swift; sourceTree = "<group>"; };
		2EE6CAE6279700A600796799 /* Onboarding.app */ = {isa = PBXFileReference; explicitFileType = wrapper.application; includeInIndex = 0; path = Onboarding.app; sourceTree = BUILT_PRODUCTS_DIR; };
		2EE6CAE9279700A600796799 /* AppDelegate.swift */ = {isa = PBXFileReference; lastKnownFileType = sourcecode.swift; path = AppDelegate.swift; sourceTree = "<group>"; };
		2EE6CAEB279700A600796799 /* SceneDelegate.swift */ = {isa = PBXFileReference; lastKnownFileType = sourcecode.swift; path = SceneDelegate.swift; sourceTree = "<group>"; };
		2EE6CAED279700A600796799 /* ViewController.swift */ = {isa = PBXFileReference; lastKnownFileType = sourcecode.swift; path = ViewController.swift; sourceTree = "<group>"; };
		2EE6CAF0279700A600796799 /* Base */ = {isa = PBXFileReference; lastKnownFileType = file.storyboard; name = Base; path = Base.lproj/Main.storyboard; sourceTree = "<group>"; };
		2EE6CAF2279700A700796799 /* Assets.xcassets */ = {isa = PBXFileReference; lastKnownFileType = folder.assetcatalog; path = Assets.xcassets; sourceTree = "<group>"; };
		2EE6CAF5279700A700796799 /* Base */ = {isa = PBXFileReference; lastKnownFileType = file.storyboard; name = Base; path = Base.lproj/LaunchScreen.storyboard; sourceTree = "<group>"; };
		2EE6CAF7279700A700796799 /* Info.plist */ = {isa = PBXFileReference; lastKnownFileType = text.plist.xml; path = Info.plist; sourceTree = "<group>"; };
/* End PBXFileReference section */

/* Begin PBXFrameworksBuildPhase section */
		2EE6CAE3279700A600796799 /* Frameworks */ = {
			isa = PBXFrameworksBuildPhase;
			buildActionMask = 2147483647;
			files = (
			);
			runOnlyForDeploymentPostprocessing = 0;
		};
/* End PBXFrameworksBuildPhase section */

/* Begin PBXGroup section */
		2E5036F427A04CF700333E99 /* Controller */ = {
			isa = PBXGroup;
			children = (
				2EE6CAED279700A600796799 /* ViewController.swift */,
				2E5036F827A0530100333E99 /* DebtsViewController.swift */,
				2E92865827A0864300749766 /* AddDebtsViewController.swift */,
			);
			path = Controller;
			sourceTree = "<group>";
		};
		2E5036F527A04CFE00333E99 /* View */ = {
			isa = PBXGroup;
			children = (
				2E92865427A07E4D00749766 /* DebtsTableViewCell.swift */,
				2E92865527A07E4D00749766 /* DebtsTableViewCell.xib */,
				2EE6CAEF279700A600796799 /* Main.storyboard */,
			);
			path = View;
			sourceTree = "<group>";
		};
		2E5036F627A04D1100333E99 /* Model */ = {
			isa = PBXGroup;
			children = (
			);
			path = Model;
			sourceTree = "<group>";
		};
		2E5036F727A04D1800333E99 /* App delegate */ = {
			isa = PBXGroup;
			children = (
				2EE6CAEB279700A600796799 /* SceneDelegate.swift */,
				2EE6CAE9279700A600796799 /* AppDelegate.swift */,
			);
			path = "App delegate";
			sourceTree = "<group>";
		};
		2EE6CADD279700A600796799 = {
			isa = PBXGroup;
			children = (
				2EE6CAE8279700A600796799 /* Onboarding */,
				2EE6CAE7279700A600796799 /* Products */,
			);
			sourceTree = "<group>";
		};
		2EE6CAE7279700A600796799 /* Products */ = {
			isa = PBXGroup;
			children = (
				2EE6CAE6279700A600796799 /* Onboarding.app */,
			);
			name = Products;
			sourceTree = "<group>";
		};
		2EE6CAE8279700A600796799 /* Onboarding */ = {
			isa = PBXGroup;
			children = (
				2E5036F527A04CFE00333E99 /* View */,
				2E5036F627A04D1100333E99 /* Model */,
				2E5036F427A04CF700333E99 /* Controller */,
				2E5036F727A04D1800333E99 /* App delegate */,
				2EE6CAF7279700A700796799 /* Info.plist */,
				2EE6CAF4279700A700796799 /* LaunchScreen.storyboard */,
				2EE6CAF2279700A700796799 /* Assets.xcassets */,
			);
			path = Onboarding;
			sourceTree = "<group>";
		};
/* End PBXGroup section */

/* Begin PBXNativeTarget section */
		2EE6CAE5279700A600796799 /* Onboarding */ = {
			isa = PBXNativeTarget;
			buildConfigurationList = 2EE6CAFA279700A700796799 /* Build configuration list for PBXNativeTarget "Onboarding" */;
			buildPhases = (
				2EE6CAE2279700A600796799 /* Sources */,
				2EE6CAE3279700A600796799 /* Frameworks */,
				2EE6CAE4279700A600796799 /* Resources */,
			);
			buildRules = (
			);
			dependencies = (
			);
			name = Onboarding;
			productName = Onboarding;
			productReference = 2EE6CAE6279700A600796799 /* Onboarding.app */;
			productType = "com.apple.product-type.application";
		};
/* End PBXNativeTarget section */

/* Begin PBXProject section */
		2EE6CADE279700A600796799 /* Project object */ = {
			isa = PBXProject;
			attributes = {
				BuildIndependentTargetsInParallel = 1;
				LastSwiftUpdateCheck = 1320;
				LastUpgradeCheck = 1320;
				TargetAttributes = {
					2EE6CAE5279700A600796799 = {
						CreatedOnToolsVersion = 13.2.1;
					};
				};
			};
			buildConfigurationList = 2EE6CAE1279700A600796799 /* Build configuration list for PBXProject "Onboarding" */;
			compatibilityVersion = "Xcode 13.0";
			developmentRegion = en;
			hasScannedForEncodings = 0;
			knownRegions = (
				en,
				Base,
			);
			mainGroup = 2EE6CADD279700A600796799;
			productRefGroup = 2EE6CAE7279700A600796799 /* Products */;
			projectDirPath = "";
			projectRoot = "";
			targets = (
				2EE6CAE5279700A600796799 /* Onboarding */,
			);
		};
/* End PBXProject section */

/* Begin PBXResourcesBuildPhase section */
		2EE6CAE4279700A600796799 /* Resources */ = {
			isa = PBXResourcesBuildPhase;
			buildActionMask = 2147483647;
			files = (
				2E92865727A07E4D00749766 /* DebtsTableViewCell.xib in Resources */,
				2EE6CAF6279700A700796799 /* LaunchScreen.storyboard in Resources */,
				2EE6CAF3279700A700796799 /* Assets.xcassets in Resources */,
				2EE6CAF1279700A600796799 /* Main.storyboard in Resources */,
			);
			runOnlyForDeploymentPostprocessing = 0;
		};
/* End PBXResourcesBuildPhase section */

/* Begin PBXSourcesBuildPhase section */
		2EE6CAE2279700A600796799 /* Sources */ = {
			isa = PBXSourcesBuildPhase;
			buildActionMask = 2147483647;
			files = (
				2E92865627A07E4D00749766 /* DebtsTableViewCell.swift in Sources */,
				2EE6CAEE279700A600796799 /* ViewController.swift in Sources */,
				2E5036F927A0530100333E99 /* DebtsViewController.swift in Sources */,
				2EE6CAEA279700A600796799 /* AppDelegate.swift in Sources */,
				2EE6CAEC279700A600796799 /* SceneDelegate.swift in Sources */,
				2E92865927A0864300749766 /* AddDebtsViewController.swift in Sources */,
			);
			runOnlyForDeploymentPostprocessing = 0;
		};
/* End PBXSourcesBuildPhase section */

/* Begin PBXVariantGroup section */
		2EE6CAEF279700A600796799 /* Main.storyboard */ = {
			isa = PBXVariantGroup;
			children = (
				2EE6CAF0279700A600796799 /* Base */,
			);
			name = Main.storyboard;
			sourceTree = "<group>";
		};
		2EE6CAF4279700A700796799 /* LaunchScreen.storyboard */ = {
			isa = PBXVariantGroup;
			children = (
				2EE6CAF5279700A700796799 /* Base */,
			);
			name = LaunchScreen.storyboard;
			sourceTree = "<group>";
		};
/* End PBXVariantGroup section */

/* Begin XCBuildConfiguration section */
		2EE6CAF8279700A700796799 /* Debug */ = {
			isa = XCBuildConfiguration;
			buildSettings = {
				ALWAYS_SEARCH_USER_PATHS = NO;
				CLANG_ANALYZER_NONNULL = YES;
				CLANG_ANALYZER_NUMBER_OBJECT_CONVERSION = YES_AGGRESSIVE;
				CLANG_CXX_LANGUAGE_STANDARD = "gnu++17";
				CLANG_CXX_LIBRARY = "libc++";
				CLANG_ENABLE_MODULES = YES;
				CLANG_ENABLE_OBJC_ARC = YES;
				CLANG_ENABLE_OBJC_WEAK = YES;
				CLANG_WARN_BLOCK_CAPTURE_AUTORELEASING = YES;
				CLANG_WARN_BOOL_CONVERSION = YES;
				CLANG_WARN_COMMA = YES;
				CLANG_WARN_CONSTANT_CONVERSION = YES;
				CLANG_WARN_DEPRECATED_OBJC_IMPLEMENTATIONS = YES;
				CLANG_WARN_DIRECT_OBJC_ISA_USAGE = YES_ERROR;
				CLANG_WARN_DOCUMENTATION_COMMENTS = YES;
				CLANG_WARN_EMPTY_BODY = YES;
				CLANG_WARN_ENUM_CONVERSION = YES;
				CLANG_WARN_INFINITE_RECURSION = YES;
				CLANG_WARN_INT_CONVERSION = YES;
				CLANG_WARN_NON_LITERAL_NULL_CONVERSION = YES;
				CLANG_WARN_OBJC_IMPLICIT_RETAIN_SELF = YES;
				CLANG_WARN_OBJC_LITERAL_CONVERSION = YES;
				CLANG_WARN_OBJC_ROOT_CLASS = YES_ERROR;
				CLANG_WARN_QUOTED_INCLUDE_IN_FRAMEWORK_HEADER = YES;
				CLANG_WARN_RANGE_LOOP_ANALYSIS = YES;
				CLANG_WARN_STRICT_PROTOTYPES = YES;
				CLANG_WARN_SUSPICIOUS_MOVE = YES;
				CLANG_WARN_UNGUARDED_AVAILABILITY = YES_AGGRESSIVE;
				CLANG_WARN_UNREACHABLE_CODE = YES;
				CLANG_WARN__DUPLICATE_METHOD_MATCH = YES;
				COPY_PHASE_STRIP = NO;
				DEBUG_INFORMATION_FORMAT = dwarf;
				ENABLE_STRICT_OBJC_MSGSEND = YES;
				ENABLE_TESTABILITY = YES;
				GCC_C_LANGUAGE_STANDARD = gnu11;
				GCC_DYNAMIC_NO_PIC = NO;
				GCC_NO_COMMON_BLOCKS = YES;
				GCC_OPTIMIZATION_LEVEL = 0;
				GCC_PREPROCESSOR_DEFINITIONS = (
					"DEBUG=1",
					"$(inherited)",
				);
				GCC_WARN_64_TO_32_BIT_CONVERSION = YES;
				GCC_WARN_ABOUT_RETURN_TYPE = YES_ERROR;
				GCC_WARN_UNDECLARED_SELECTOR = YES;
				GCC_WARN_UNINITIALIZED_AUTOS = YES_AGGRESSIVE;
				GCC_WARN_UNUSED_FUNCTION = YES;
				GCC_WARN_UNUSED_VARIABLE = YES;
				IPHONEOS_DEPLOYMENT_TARGET = 15.2;
				MTL_ENABLE_DEBUG_INFO = INCLUDE_SOURCE;
				MTL_FAST_MATH = YES;
				ONLY_ACTIVE_ARCH = YES;
				SDKROOT = iphoneos;
				SWIFT_ACTIVE_COMPILATION_CONDITIONS = DEBUG;
				SWIFT_OPTIMIZATION_LEVEL = "-Onone";
			};
			name = Debug;
		};
		2EE6CAF9279700A700796799 /* Release */ = {
			isa = XCBuildConfiguration;
			buildSettings = {
				ALWAYS_SEARCH_USER_PATHS = NO;
				CLANG_ANALYZER_NONNULL = YES;
				CLANG_ANALYZER_NUMBER_OBJECT_CONVERSION = YES_AGGRESSIVE;
				CLANG_CXX_LANGUAGE_STANDARD = "gnu++17";
				CLANG_CXX_LIBRARY = "libc++";
				CLANG_ENABLE_MODULES = YES;
				CLANG_ENABLE_OBJC_ARC = YES;
				CLANG_ENABLE_OBJC_WEAK = YES;
				CLANG_WARN_BLOCK_CAPTURE_AUTORELEASING = YES;
				CLANG_WARN_BOOL_CONVERSION = YES;
				CLANG_WARN_COMMA = YES;
				CLANG_WARN_CONSTANT_CONVERSION = YES;
				CLANG_WARN_DEPRECATED_OBJC_IMPLEMENTATIONS = YES;
				CLANG_WARN_DIRECT_OBJC_ISA_USAGE = YES_ERROR;
				CLANG_WARN_DOCUMENTATION_COMMENTS = YES;
				CLANG_WARN_EMPTY_BODY = YES;
				CLANG_WARN_ENUM_CONVERSION = YES;
				CLANG_WARN_INFINITE_RECURSION = YES;
				CLANG_WARN_INT_CONVERSION = YES;
				CLANG_WARN_NON_LITERAL_NULL_CONVERSION = YES;
				CLANG_WARN_OBJC_IMPLICIT_RETAIN_SELF = YES;
				CLANG_WARN_OBJC_LITERAL_CONVERSION = YES;
				CLANG_WARN_OBJC_ROOT_CLASS = YES_ERROR;
				CLANG_WARN_QUOTED_INCLUDE_IN_FRAMEWORK_HEADER = YES;
				CLANG_WARN_RANGE_LOOP_ANALYSIS = YES;
				CLANG_WARN_STRICT_PROTOTYPES = YES;
				CLANG_WARN_SUSPICIOUS_MOVE = YES;
				CLANG_WARN_UNGUARDED_AVAILABILITY = YES_AGGRESSIVE;
				CLANG_WARN_UNREACHABLE_CODE = YES;
				CLANG_WARN__DUPLICATE_METHOD_MATCH = YES;
				COPY_PHASE_STRIP = NO;
				DEBUG_INFORMATION_FORMAT = "dwarf-with-dsym";
				ENABLE_NS_ASSERTIONS = NO;
				ENABLE_STRICT_OBJC_MSGSEND = YES;
				GCC_C_LANGUAGE_STANDARD = gnu11;
				GCC_NO_COMMON_BLOCKS = YES;
				GCC_WARN_64_TO_32_BIT_CONVERSION = YES;
				GCC_WARN_ABOUT_RETURN_TYPE = YES_ERROR;
				GCC_WARN_UNDECLARED_SELECTOR = YES;
				GCC_WARN_UNINITIALIZED_AUTOS = YES_AGGRESSIVE;
				GCC_WARN_UNUSED_FUNCTION = YES;
				GCC_WARN_UNUSED_VARIABLE = YES;
				IPHONEOS_DEPLOYMENT_TARGET = 15.2;
				MTL_ENABLE_DEBUG_INFO = NO;
				MTL_FAST_MATH = YES;
				SDKROOT = iphoneos;
				SWIFT_COMPILATION_MODE = wholemodule;
				SWIFT_OPTIMIZATION_LEVEL = "-O";
				VALIDATE_PRODUCT = YES;
			};
			name = Release;
		};
		2EE6CAFB279700A700796799 /* Debug */ = {
			isa = XCBuildConfiguration;
			buildSettings = {
				ASSETCATALOG_COMPILER_APPICON_NAME = AppIcon;
				ASSETCATALOG_COMPILER_GLOBAL_ACCENT_COLOR_NAME = AccentColor;
				CODE_SIGN_STYLE = Automatic;
				CURRENT_PROJECT_VERSION = 1;
				GENERATE_INFOPLIST_FILE = YES;
				INFOPLIST_FILE = Onboarding/Info.plist;
				INFOPLIST_KEY_UIApplicationSupportsIndirectInputEvents = YES;
				INFOPLIST_KEY_UILaunchStoryboardName = LaunchScreen;
				INFOPLIST_KEY_UIMainStoryboardFile = Main;
				INFOPLIST_KEY_UISupportedInterfaceOrientations_iPad = "UIInterfaceOrientationPortrait UIInterfaceOrientationPortraitUpsideDown UIInterfaceOrientationLandscapeLeft UIInterfaceOrientationLandscapeRight";
				INFOPLIST_KEY_UISupportedInterfaceOrientations_iPhone = "UIInterfaceOrientationPortrait UIInterfaceOrientationLandscapeLeft UIInterfaceOrientationLandscapeRight";
				LD_RUNPATH_SEARCH_PATHS = (
					"$(inherited)",
					"@executable_path/Frameworks",
				);
				MARKETING_VERSION = 1.0;
				PRODUCT_BUNDLE_IDENTIFIER = com.ealiotta.Onboarding;
				PRODUCT_NAME = "$(TARGET_NAME)";
				SWIFT_EMIT_LOC_STRINGS = YES;
				SWIFT_VERSION = 5.0;
				TARGETED_DEVICE_FAMILY = "1,2";
			};
			name = Debug;
		};
		2EE6CAFC279700A700796799 /* Release */ = {
			isa = XCBuildConfiguration;
			buildSettings = {
				ASSETCATALOG_COMPILER_APPICON_NAME = AppIcon;
				ASSETCATALOG_COMPILER_GLOBAL_ACCENT_COLOR_NAME = AccentColor;
				CODE_SIGN_STYLE = Automatic;
				CURRENT_PROJECT_VERSION = 1;
				GENERATE_INFOPLIST_FILE = YES;
				INFOPLIST_FILE = Onboarding/Info.plist;
				INFOPLIST_KEY_UIApplicationSupportsIndirectInputEvents = YES;
				INFOPLIST_KEY_UILaunchStoryboardName = LaunchScreen;
				INFOPLIST_KEY_UIMainStoryboardFile = Main;
				INFOPLIST_KEY_UISupportedInterfaceOrientations_iPad = "UIInterfaceOrientationPortrait UIInterfaceOrientationPortraitUpsideDown UIInterfaceOrientationLandscapeLeft UIInterfaceOrientationLandscapeRight";
				INFOPLIST_KEY_UISupportedInterfaceOrientations_iPhone = "UIInterfaceOrientationPortrait UIInterfaceOrientationLandscapeLeft UIInterfaceOrientationLandscapeRight";
				LD_RUNPATH_SEARCH_PATHS = (
					"$(inherited)",
					"@executable_path/Frameworks",
				);
				MARKETING_VERSION = 1.0;
				PRODUCT_BUNDLE_IDENTIFIER = com.ealiotta.Onboarding;
				PRODUCT_NAME = "$(TARGET_NAME)";
				SWIFT_EMIT_LOC_STRINGS = YES;
				SWIFT_VERSION = 5.0;
				TARGETED_DEVICE_FAMILY = "1,2";
			};
			name = Release;
		};
/* End XCBuildConfiguration section */

/* Begin XCConfigurationList section */
		2EE6CAE1279700A600796799 /* Build configuration list for PBXProject "Onboarding" */ = {
			isa = XCConfigurationList;
			buildConfigurations = (
				2EE6CAF8279700A700796799 /* Debug */,
				2EE6CAF9279700A700796799 /* Release */,
			);
			defaultConfigurationIsVisible = 0;
			defaultConfigurationName = Release;
		};
		2EE6CAFA279700A700796799 /* Build configuration list for PBXNativeTarget "Onboarding" */ = {
			isa = XCConfigurationList;
			buildConfigurations = (
				2EE6CAFB279700A700796799 /* Debug */,
				2EE6CAFC279700A700796799 /* Release */,
			);
			defaultConfigurationIsVisible = 0;
			defaultConfigurationName = Release;
		};
/* End XCConfigurationList section */
	};
	rootObject = 2EE6CADE279700A600796799 /* Project object */;
}
